
Microsoft Visual Studio Solution File, Format Version 12.00
# Visual Studio Version 17
VisualStudioVersion = 17.2.32630.192
MinimumVisualStudioVersion = 10.0.40219.1
Project("{FAE04EC0-301F-11D3-BF4B-00C04F79EFBC}") = "SpaceInvadersGame", "SpaceInvadersGame.csproj", "{7BBD4CAA-16F2-4132-9173-E4A0C1A5D9F8}"
EndProject
Global
	GlobalSection(SolutionConfigurationPlatforms) = preSolution
		Debug|Any CPU = Debug|Any CPU
		Release|Any CPU = Release|Any CPU
	EndGlobalSection
	GlobalSection(ProjectConfigurationPlatforms) = postSolution
		{7BBD4CAA-16F2-4132-9173-E4A0C1A5D9F8}.Debug|Any CPU.ActiveCfg = Debug|Any CPU
		{7BBD4CAA-16F2-4132-9173-E4A0C1A5D9F8}.Debug|Any CPU.Build.0 = Debug|Any CPU
		{7BBD4CAA-16F2-4132-9173-E4A0C1A5D9F8}.Release|Any CPU.ActiveCfg = Release|Any CPU
		{7BBD4CAA-16F2-4132-9173-E4A0C1A5D9F8}.Release|Any CPU.Build.0 = Release|Any CPU
	EndGlobalSection
	GlobalSection(SolutionProperties) = preSolution
		HideSolutionNode = FALSE
	EndGlobalSection
	GlobalSection(ExtensibilityGlobals) = postSolution
		SolutionGuid = {B0C2094A-2A24-4CDF-8570-26E9E67ED23D}
	EndGlobalSection
EndGlobal
